
Microsoft Visual Studio Solution File, Format Version 12.00
# Visual Studio 15
VisualStudioVersion = 15.0.27004.2005
MinimumVisualStudioVersion = 10.0.40219.1
Project("{FAE04EC0-301F-11D3-BF4B-00C04F79EFBC}") = "Aywl.Lib", "Aywl.Lib\Aywl.Lib.csproj", "{467FF2A1-AA89-4D80-95D4-C3FD1B64E71D}"
EndProject
Project("{FAE04EC0-301F-11D3-BF4B-00C04F79EFBC}") = "Aywl.DBAccess", "Aywl.DBAccess\Aywl.DBAccess.csproj", "{E5A6069E-1C86-44F1-9185-56E565B1AB46}"
EndProject
Project("{FAE04EC0-301F-11D3-BF4B-00C04F79EFBC}") = "Aywl.Cache", "Aywl.Cache\Aywl.Cache.csproj", "{6FEDD60E-713B-42B6-8004-757E5B352A4D}"
EndProject
Project("{FAE04EC0-301F-11D3-BF4B-00C04F79EFBC}") = "Aywl.BLL", "Aywl.BLL\Aywl.BLL.csproj", "{CD71BED8-E92E-434C-A0D3-EC26CD240F29}"
EndProject
Project("{FAE04EC0-301F-11D3-BF4B-00C04F79EFBC}") = "Aywl.DAL", "Aywl.DAL\Aywl.DAL.csproj", "{4583D8DC-80B2-4139-A9E6-E718AECDC6D4}"
EndProject
Project("{FAE04EC0-301F-11D3-BF4B-00C04F79EFBC}") = "Aywl.IBLLStrategy", "Aywl.IBLLStrategy\Aywl.IBLLStrategy.csproj", "{35CB7B93-8111-4A22-8EF3-AAF29DD39C49}"
EndProject
Project("{FAE04EC0-301F-11D3-BF4B-00C04F79EFBC}") = "Aywl.IDAL", "Aywl.IDAL\Aywl.IDAL.csproj", "{C0EA7CD6-9D1B-4FFD-8B00-CDFCD66E48CC}"
EndProject
Project("{FAE04EC0-301F-11D3-BF4B-00C04F79EFBC}") = "Aywl.Model", "Aywl.Model\Aywl.Model.csproj", "{4768644C-A02E-4D57-B4C4-4D432D87EB47}"
EndProject
Project("{FAE04EC0-301F-11D3-BF4B-00C04F79EFBC}") = "Aywl.MSMQMessaging", "Aywl.MSMQMessaging\Aywl.MSMQMessaging.csproj", "{E28110C1-E206-4B6E-BC2B-983683FACC5C}"
EndProject
Project("{FAE04EC0-301F-11D3-BF4B-00C04F79EFBC}") = "Aywl.SQLServerDAL", "Aywl.SQLServerDAL\Aywl.SQLServerDAL.csproj", "{7E15E9D2-D904-4917-A61B-DE56183E306F}"
EndProject
Project("{FAE04EC0-301F-11D3-BF4B-00C04F79EFBC}") = "Aywl.IMessaging", "OriginalStudio.IMessaging\Aywl.IMessaging.csproj", "{28A955EC-48D9-446A-A023-D733FADFC524}"
EndProject
Project("{FAE04EC0-301F-11D3-BF4B-00C04F79EFBC}") = "WebUI", "WebUI2.0\WebUI.csproj", "{9576CDF2-ACAB-4B77-AD90-75C70D8E8A67}"
EndProject
Global
	GlobalSection(SolutionConfigurationPlatforms) = preSolution
		Debug|Any CPU = Debug|Any CPU
		Debug|x86 = Debug|x86
		Release|Any CPU = Release|Any CPU
		Release|x86 = Release|x86
	EndGlobalSection
	GlobalSection(ProjectConfigurationPlatforms) = postSolution
		{467FF2A1-AA89-4D80-95D4-C3FD1B64E71D}.Debug|Any CPU.ActiveCfg = Debug|Any CPU
		{467FF2A1-AA89-4D80-95D4-C3FD1B64E71D}.Debug|Any CPU.Build.0 = Debug|Any CPU
		{467FF2A1-AA89-4D80-95D4-C3FD1B64E71D}.Debug|x86.ActiveCfg = Debug|Any CPU
		{467FF2A1-AA89-4D80-95D4-C3FD1B64E71D}.Debug|x86.Build.0 = Debug|Any CPU
		{467FF2A1-AA89-4D80-95D4-C3FD1B64E71D}.Release|Any CPU.ActiveCfg = Release|Any CPU
		{467FF2A1-AA89-4D80-95D4-C3FD1B64E71D}.Release|Any CPU.Build.0 = Release|Any CPU
		{467FF2A1-AA89-4D80-95D4-C3FD1B64E71D}.Release|x86.ActiveCfg = Release|Any CPU
		{467FF2A1-AA89-4D80-95D4-C3FD1B64E71D}.Release|x86.Build.0 = Release|Any CPU
		{E5A6069E-1C86-44F1-9185-56E565B1AB46}.Debug|Any CPU.ActiveCfg = Debug|Any CPU
		{E5A6069E-1C86-44F1-9185-56E565B1AB46}.Debug|Any CPU.Build.0 = Debug|Any CPU
		{E5A6069E-1C86-44F1-9185-56E565B1AB46}.Debug|x86.ActiveCfg = Debug|Any CPU
		{E5A6069E-1C86-44F1-9185-56E565B1AB46}.Debug|x86.Build.0 = Debug|Any CPU
		{E5A6069E-1C86-44F1-9185-56E565B1AB46}.Release|Any CPU.ActiveCfg = Release|Any CPU
		{E5A6069E-1C86-44F1-9185-56E565B1AB46}.Release|Any CPU.Build.0 = Release|Any CPU
		{E5A6069E-1C86-44F1-9185-56E565B1AB46}.Release|x86.ActiveCfg = Release|Any CPU
		{E5A6069E-1C86-44F1-9185-56E565B1AB46}.Release|x86.Build.0 = Release|Any CPU
		{6FEDD60E-713B-42B6-8004-757E5B352A4D}.Debug|Any CPU.ActiveCfg = Debug|Any CPU
		{6FEDD60E-713B-42B6-8004-757E5B352A4D}.Debug|Any CPU.Build.0 = Debug|Any CPU
		{6FEDD60E-713B-42B6-8004-757E5B352A4D}.Debug|x86.ActiveCfg = Debug|Any CPU
		{6FEDD60E-713B-42B6-8004-757E5B352A4D}.Debug|x86.Build.0 = Debug|Any CPU
		{6FEDD60E-713B-42B6-8004-757E5B352A4D}.Release|Any CPU.ActiveCfg = Release|Any CPU
		{6FEDD60E-713B-42B6-8004-757E5B352A4D}.Release|Any CPU.Build.0 = Release|Any CPU
		{6FEDD60E-713B-42B6-8004-757E5B352A4D}.Release|x86.ActiveCfg = Release|Any CPU
		{6FEDD60E-713B-42B6-8004-757E5B352A4D}.Release|x86.Build.0 = Release|Any CPU
		{CD71BED8-E92E-434C-A0D3-EC26CD240F29}.Debug|Any CPU.ActiveCfg = Debug|Any CPU
		{CD71BED8-E92E-434C-A0D3-EC26CD240F29}.Debug|Any CPU.Build.0 = Debug|Any CPU
		{CD71BED8-E92E-434C-A0D3-EC26CD240F29}.Debug|x86.ActiveCfg = Debug|Any CPU
		{CD71BED8-E92E-434C-A0D3-EC26CD240F29}.Debug|x86.Build.0 = Debug|Any CPU
		{CD71BED8-E92E-434C-A0D3-EC26CD240F29}.Release|Any CPU.ActiveCfg = Release|Any CPU
		{CD71BED8-E92E-434C-A0D3-EC26CD240F29}.Release|Any CPU.Build.0 = Release|Any CPU
		{CD71BED8-E92E-434C-A0D3-EC26CD240F29}.Release|x86.ActiveCfg = Release|Any CPU
		{CD71BED8-E92E-434C-A0D3-EC26CD240F29}.Release|x86.Build.0 = Release|Any CPU
		{4583D8DC-80B2-4139-A9E6-E718AECDC6D4}.Debug|Any CPU.ActiveCfg = Debug|Any CPU
		{4583D8DC-80B2-4139-A9E6-E718AECDC6D4}.Debug|Any CPU.Build.0 = Debug|Any CPU
		{4583D8DC-80B2-4139-A9E6-E718AECDC6D4}.Debug|x86.ActiveCfg = Debug|Any CPU
		{4583D8DC-80B2-4139-A9E6-E718AECDC6D4}.Debug|x86.Build.0 = Debug|Any CPU
		{4583D8DC-80B2-4139-A9E6-E718AECDC6D4}.Release|Any CPU.ActiveCfg = Release|Any CPU
		{4583D8DC-80B2-4139-A9E6-E718AECDC6D4}.Release|Any CPU.Build.0 = Release|Any CPU
		{4583D8DC-80B2-4139-A9E6-E718AECDC6D4}.Release|x86.ActiveCfg = Release|Any CPU
		{4583D8DC-80B2-4139-A9E6-E718AECDC6D4}.Release|x86.Build.0 = Release|Any CPU
		{35CB7B93-8111-4A22-8EF3-AAF29DD39C49}.Debug|Any CPU.ActiveCfg = Debug|Any CPU
		{35CB7B93-8111-4A22-8EF3-AAF29DD39C49}.Debug|Any CPU.Build.0 = Debug|Any CPU
		{35CB7B93-8111-4A22-8EF3-AAF29DD39C49}.Debug|x86.ActiveCfg = Debug|Any CPU
		{35CB7B93-8111-4A22-8EF3-AAF29DD39C49}.Debug|x86.Build.0 = Debug|Any CPU
		{35CB7B93-8111-4A22-8EF3-AAF29DD39C49}.Release|Any CPU.ActiveCfg = Release|Any CPU
		{35CB7B93-8111-4A22-8EF3-AAF29DD39C49}.Release|Any CPU.Build.0 = Release|Any CPU
		{35CB7B93-8111-4A22-8EF3-AAF29DD39C49}.Release|x86.ActiveCfg = Release|Any CPU
		{35CB7B93-8111-4A22-8EF3-AAF29DD39C49}.Release|x86.Build.0 = Release|Any CPU
		{C0EA7CD6-9D1B-4FFD-8B00-CDFCD66E48CC}.Debug|Any CPU.ActiveCfg = Debug|Any CPU
		{C0EA7CD6-9D1B-4FFD-8B00-CDFCD66E48CC}.Debug|Any CPU.Build.0 = Debug|Any CPU
		{C0EA7CD6-9D1B-4FFD-8B00-CDFCD66E48CC}.Debug|x86.ActiveCfg = Debug|Any CPU
		{C0EA7CD6-9D1B-4FFD-8B00-CDFCD66E48CC}.Debug|x86.Build.0 = Debug|Any CPU
		{C0EA7CD6-9D1B-4FFD-8B00-CDFCD66E48CC}.Release|Any CPU.ActiveCfg = Release|Any CPU
		{C0EA7CD6-9D1B-4FFD-8B00-CDFCD66E48CC}.Release|Any CPU.Build.0 = Release|Any CPU
		{C0EA7CD6-9D1B-4FFD-8B00-CDFCD66E48CC}.Release|x86.ActiveCfg = Release|Any CPU
		{C0EA7CD6-9D1B-4FFD-8B00-CDFCD66E48CC}.Release|x86.Build.0 = Release|Any CPU
		{4768644C-A02E-4D57-B4C4-4D432D87EB47}.Debug|Any CPU.ActiveCfg = Debug|Any CPU
		{4768644C-A02E-4D57-B4C4-4D432D87EB47}.Debug|Any CPU.Build.0 = Debug|Any CPU
		{4768644C-A02E-4D57-B4C4-4D432D87EB47}.Debug|x86.ActiveCfg = Debug|Any CPU
		{4768644C-A02E-4D57-B4C4-4D432D87EB47}.Debug|x86.Build.0 = Debug|Any CPU
		{4768644C-A02E-4D57-B4C4-4D432D87EB47}.Release|Any CPU.ActiveCfg = Release|Any CPU
		{4768644C-A02E-4D57-B4C4-4D432D87EB47}.Release|Any CPU.Build.0 = Release|Any CPU
		{4768644C-A02E-4D57-B4C4-4D432D87EB47}.Release|x86.ActiveCfg = Release|Any CPU
		{4768644C-A02E-4D57-B4C4-4D432D87EB47}.Release|x86.Build.0 = Release|Any CPU
		{E28110C1-E206-4B6E-BC2B-983683FACC5C}.Debug|Any CPU.ActiveCfg = Debug|Any CPU
		{E28110C1-E206-4B6E-BC2B-983683FACC5C}.Debug|Any CPU.Build.0 = Debug|Any CPU
		{E28110C1-E206-4B6E-BC2B-983683FACC5C}.Debug|x86.ActiveCfg = Debug|Any CPU
		{E28110C1-E206-4B6E-BC2B-983683FACC5C}.Debug|x86.Build.0 = Debug|Any CPU
		{E28110C1-E206-4B6E-BC2B-983683FACC5C}.Release|Any CPU.ActiveCfg = Release|Any CPU
		{E28110C1-E206-4B6E-BC2B-983683FACC5C}.Release|Any CPU.Build.0 = Release|Any CPU
		{E28110C1-E206-4B6E-BC2B-983683FACC5C}.Release|x86.ActiveCfg = Release|Any CPU
		{E28110C1-E206-4B6E-BC2B-983683FACC5C}.Release|x86.Build.0 = Release|Any CPU
		{7E15E9D2-D904-4917-A61B-DE56183E306F}.Debug|Any CPU.ActiveCfg = Debug|Any CPU
		{7E15E9D2-D904-4917-A61B-DE56183E306F}.Debug|Any CPU.Build.0 = Debug|Any CPU
		{7E15E9D2-D904-4917-A61B-DE56183E306F}.Debug|x86.ActiveCfg = Debug|Any CPU
		{7E15E9D2-D904-4917-A61B-DE56183E306F}.Debug|x86.Build.0 = Debug|Any CPU
		{7E15E9D2-D904-4917-A61B-DE56183E306F}.Release|Any CPU.ActiveCfg = Release|Any CPU
		{7E15E9D2-D904-4917-A61B-DE56183E306F}.Release|Any CPU.Build.0 = Release|Any CPU
		{7E15E9D2-D904-4917-A61B-DE56183E306F}.Release|x86.ActiveCfg = Release|Any CPU
		{7E15E9D2-D904-4917-A61B-DE56183E306F}.Release|x86.Build.0 = Release|Any CPU
		{28A955EC-48D9-446A-A023-D733FADFC524}.Debug|Any CPU.ActiveCfg = Debug|Any CPU
		{28A955EC-48D9-446A-A023-D733FADFC524}.Debug|Any CPU.Build.0 = Debug|Any CPU
		{28A955EC-48D9-446A-A023-D733FADFC524}.Debug|x86.ActiveCfg = Debug|Any CPU
		{28A955EC-48D9-446A-A023-D733FADFC524}.Debug|x86.Build.0 = Debug|Any CPU
		{28A955EC-48D9-446A-A023-D733FADFC524}.Release|Any CPU.ActiveCfg = Release|Any CPU
		{28A955EC-48D9-446A-A023-D733FADFC524}.Release|Any CPU.Build.0 = Release|Any CPU
		{28A955EC-48D9-446A-A023-D733FADFC524}.Release|x86.ActiveCfg = Release|Any CPU
		{28A955EC-48D9-446A-A023-D733FADFC524}.Release|x86.Build.0 = Release|Any CPU
		{9576CDF2-ACAB-4B77-AD90-75C70D8E8A67}.Debug|Any CPU.ActiveCfg = Debug|x86
		{9576CDF2-ACAB-4B77-AD90-75C70D8E8A67}.Debug|x86.ActiveCfg = Debug|x86
		{9576CDF2-ACAB-4B77-AD90-75C70D8E8A67}.Debug|x86.Build.0 = Debug|x86
		{9576CDF2-ACAB-4B77-AD90-75C70D8E8A67}.Release|Any CPU.ActiveCfg = Release|x86
		{9576CDF2-ACAB-4B77-AD90-75C70D8E8A67}.Release|x86.ActiveCfg = Release|x86
		{9576CDF2-ACAB-4B77-AD90-75C70D8E8A67}.Release|x86.Build.0 = Release|x86
	EndGlobalSection
	GlobalSection(SolutionProperties) = preSolution
		HideSolutionNode = FALSE
	EndGlobalSection
	GlobalSection(ExtensibilityGlobals) = postSolution
		SolutionGuid = {9F6AE540-4333-423B-B0E5-2B51ABB99C97}
	EndGlobalSection
EndGlobal
