
Microsoft Visual Studio Solution File, Format Version 12.00
# Visual Studio 15
VisualStudioVersion = 15.0.27004.2005
MinimumVisualStudioVersion = 10.0.40219.1
Project("{FAE04EC0-301F-11D3-BF4B-00C04F79EFBC}") = "KuaiCardLib", "KuaiCardLib2.0\KuaiCardLib.csproj", "{D8703E4F-9C28-4266-9B1C-676871306C68}"
EndProject
Project("{FAE04EC0-301F-11D3-BF4B-00C04F79EFBC}") = "KuaiCard.BLL", "KuaiCard.BLL2.0\KuaiCard.BLL.csproj", "{D77B7D1C-894E-4449-B8CA-A3FF31E39401}"
EndProject
Project("{FAE04EC0-301F-11D3-BF4B-00C04F79EFBC}") = "KuaiCard.IDAL", "KuaiCard.IDAL2.0\KuaiCard.IDAL.csproj", "{01761A3F-E350-4805-8680-3173438EBF29}"
EndProject
Project("{FAE04EC0-301F-11D3-BF4B-00C04F79EFBC}") = "KuaiCard.DAL", "KuaiCard.DAL2.0\KuaiCard.DAL.csproj", "{404988E4-CB02-4645-9960-17F84D861024}"
EndProject
Project("{FAE04EC0-301F-11D3-BF4B-00C04F79EFBC}") = "KuaiCard.DALFactory", "KuaiCard.DALFactory2.0\KuaiCard.DALFactory.csproj", "{766E064A-51B5-4860-B3E4-E01F054DA594}"
EndProject
Project("{FAE04EC0-301F-11D3-BF4B-00C04F79EFBC}") = "KuaiCard.SysConfig", "KuaiCard.SysConfig2.0\KuaiCard.SysConfig.csproj", "{170588BA-4FE1-4C40-85F1-C9654C7D3B3D}"
EndProject
Project("{FAE04EC0-301F-11D3-BF4B-00C04F79EFBC}") = "DBAccess", "DBAccess2.0\DBAccess.csproj", "{AFC87E10-538D-4068-9428-62F4FC94F2CC}"
EndProject
Project("{FAE04EC0-301F-11D3-BF4B-00C04F79EFBC}") = "KuaiCard.SQLServerDAL", "KuaiCard.SQLServerDAL2.0\KuaiCard.SQLServerDAL.csproj", "{A8DF6AD4-CF52-4007-8C8B-65807C2D5A0A}"
EndProject
Project("{FAE04EC0-301F-11D3-BF4B-00C04F79EFBC}") = "KuaiCard.Model", "KuaiCard.Model2.0\KuaiCard.Model.csproj", "{EA23ECFA-7392-4BD3-849F-F03144CFCDD8}"
EndProject
Project("{FAE04EC0-301F-11D3-BF4B-00C04F79EFBC}") = "KuaiCard.Cache", "KuaiCard.Cache2.0\KuaiCard.Cache.csproj", "{BE9D6E2B-E70E-4A2F-9C96-96C3B4822A2D}"
EndProject
Project("{FAE04EC0-301F-11D3-BF4B-00C04F79EFBC}") = "KuaiCard.WebComponents", "KuaiCard.WebComponents2.0\KuaiCard.WebComponents.csproj", "{257C046C-345F-44DB-ADBD-877F74CB4B0A}"
EndProject
Project("{FAE04EC0-301F-11D3-BF4B-00C04F79EFBC}") = "Utility", "Utility2.0\Utility.csproj", "{BCDE14DA-E727-43CB-9766-3BB5B1D3107F}"
EndProject
Project("{FAE04EC0-301F-11D3-BF4B-00C04F79EFBC}") = "ScpClient", "ScpClient2.0\ScpClient.csproj", "{8E119086-E92E-408B-9C16-8EC597C14BCF}"
EndProject
Project("{FAE04EC0-301F-11D3-BF4B-00C04F79EFBC}") = "IBLLStrategy", "IBLLStrategy2.0\IBLLStrategy.csproj", "{CA269ED8-1C1E-43BF-BDBB-2C681A5784D6}"
EndProject
Project("{FAE04EC0-301F-11D3-BF4B-00C04F79EFBC}") = "IMessaging", "IMessaging2.0\IMessaging.csproj", "{CACD1829-E419-4AB7-BC40-23B8F18115CD}"
EndProject
Project("{FAE04EC0-301F-11D3-BF4B-00C04F79EFBC}") = "MessagingFactory", "MessagingFactory2.0\MessagingFactory.csproj", "{9CEE3268-04F6-4FCF-8C00-E633A8C04320}"
EndProject
Project("{FAE04EC0-301F-11D3-BF4B-00C04F79EFBC}") = "LitJson", "LitJson2.0\LitJson.csproj", "{E9FE01BD-6009-4107-BB45-178444BE70FB}"
EndProject
Project("{FAE04EC0-301F-11D3-BF4B-00C04F79EFBC}") = "KuaiCard.MSMQMessaging", "KuaiCard.MSMQMessaging2.0\KuaiCard.MSMQMessaging.csproj", "{0F29A875-A360-4167-BA71-F7EE41BC78C7}"
EndProject
Project("{FAE04EC0-301F-11D3-BF4B-00C04F79EFBC}") = "AspNetPager", "AspNetPager\AspNetPager.csproj", "{9057672D-E69D-4B00-9CBD-020A8DD47D1D}"
EndProject
Project("{FAE04EC0-301F-11D3-BF4B-00C04F79EFBC}") = "WebUI", "WebUI2.0\WebUI.csproj", "{9576CDF2-ACAB-4B77-AD90-75C70D8E8A67}"
EndProject
Project("{FAE04EC0-301F-11D3-BF4B-00C04F79EFBC}") = "AopSdk", "alipay-sdk-NET-20170411150206\AopSdk.csproj", "{9C11CAE5-5188-4E71-825B-68FC3135728A}"
EndProject
Global
	GlobalSection(SolutionConfigurationPlatforms) = preSolution
		Debug|Any CPU = Debug|Any CPU
		Debug|Mixed Platforms = Debug|Mixed Platforms
		Debug|x86 = Debug|x86
		Release|Any CPU = Release|Any CPU
		Release|Mixed Platforms = Release|Mixed Platforms
		Release|x86 = Release|x86
		佳能|Any CPU = 佳能|Any CPU
		佳能|Mixed Platforms = 佳能|Mixed Platforms
		佳能|x86 = 佳能|x86
	EndGlobalSection
	GlobalSection(ProjectConfigurationPlatforms) = postSolution
		{D8703E4F-9C28-4266-9B1C-676871306C68}.Debug|Any CPU.ActiveCfg = Debug|Any CPU
		{D8703E4F-9C28-4266-9B1C-676871306C68}.Debug|Any CPU.Build.0 = Debug|Any CPU
		{D8703E4F-9C28-4266-9B1C-676871306C68}.Debug|Mixed Platforms.ActiveCfg = Debug|Any CPU
		{D8703E4F-9C28-4266-9B1C-676871306C68}.Debug|Mixed Platforms.Build.0 = Debug|Any CPU
		{D8703E4F-9C28-4266-9B1C-676871306C68}.Debug|x86.ActiveCfg = Debug|Any CPU
		{D8703E4F-9C28-4266-9B1C-676871306C68}.Release|Any CPU.ActiveCfg = Release|Any CPU
		{D8703E4F-9C28-4266-9B1C-676871306C68}.Release|Any CPU.Build.0 = Release|Any CPU
		{D8703E4F-9C28-4266-9B1C-676871306C68}.Release|Mixed Platforms.ActiveCfg = Release|Any CPU
		{D8703E4F-9C28-4266-9B1C-676871306C68}.Release|Mixed Platforms.Build.0 = Release|Any CPU
		{D8703E4F-9C28-4266-9B1C-676871306C68}.Release|x86.ActiveCfg = Release|Any CPU
		{D8703E4F-9C28-4266-9B1C-676871306C68}.佳能|Any CPU.ActiveCfg = Release|Any CPU
		{D8703E4F-9C28-4266-9B1C-676871306C68}.佳能|Any CPU.Build.0 = Release|Any CPU
		{D8703E4F-9C28-4266-9B1C-676871306C68}.佳能|Mixed Platforms.ActiveCfg = Release|Any CPU
		{D8703E4F-9C28-4266-9B1C-676871306C68}.佳能|Mixed Platforms.Build.0 = Release|Any CPU
		{D8703E4F-9C28-4266-9B1C-676871306C68}.佳能|x86.ActiveCfg = Release|Any CPU
		{D77B7D1C-894E-4449-B8CA-A3FF31E39401}.Debug|Any CPU.ActiveCfg = Debug|x86
		{D77B7D1C-894E-4449-B8CA-A3FF31E39401}.Debug|Mixed Platforms.ActiveCfg = Debug|x86
		{D77B7D1C-894E-4449-B8CA-A3FF31E39401}.Debug|Mixed Platforms.Build.0 = Debug|x86
		{D77B7D1C-894E-4449-B8CA-A3FF31E39401}.Debug|x86.ActiveCfg = Debug|x86
		{D77B7D1C-894E-4449-B8CA-A3FF31E39401}.Debug|x86.Build.0 = Debug|x86
		{D77B7D1C-894E-4449-B8CA-A3FF31E39401}.Release|Any CPU.ActiveCfg = Release|x86
		{D77B7D1C-894E-4449-B8CA-A3FF31E39401}.Release|Mixed Platforms.ActiveCfg = Release|x86
		{D77B7D1C-894E-4449-B8CA-A3FF31E39401}.Release|Mixed Platforms.Build.0 = Release|x86
		{D77B7D1C-894E-4449-B8CA-A3FF31E39401}.Release|x86.ActiveCfg = Release|x86
		{D77B7D1C-894E-4449-B8CA-A3FF31E39401}.Release|x86.Build.0 = Release|x86
		{D77B7D1C-894E-4449-B8CA-A3FF31E39401}.佳能|Any CPU.ActiveCfg = Release|x86
		{D77B7D1C-894E-4449-B8CA-A3FF31E39401}.佳能|Mixed Platforms.ActiveCfg = Release|x86
		{D77B7D1C-894E-4449-B8CA-A3FF31E39401}.佳能|Mixed Platforms.Build.0 = Release|x86
		{D77B7D1C-894E-4449-B8CA-A3FF31E39401}.佳能|x86.ActiveCfg = Release|x86
		{D77B7D1C-894E-4449-B8CA-A3FF31E39401}.佳能|x86.Build.0 = Release|x86
		{01761A3F-E350-4805-8680-3173438EBF29}.Debug|Any CPU.ActiveCfg = Debug|x86
		{01761A3F-E350-4805-8680-3173438EBF29}.Debug|Mixed Platforms.ActiveCfg = Debug|x86
		{01761A3F-E350-4805-8680-3173438EBF29}.Debug|Mixed Platforms.Build.0 = Debug|x86
		{01761A3F-E350-4805-8680-3173438EBF29}.Debug|x86.ActiveCfg = Debug|x86
		{01761A3F-E350-4805-8680-3173438EBF29}.Debug|x86.Build.0 = Debug|x86
		{01761A3F-E350-4805-8680-3173438EBF29}.Release|Any CPU.ActiveCfg = Release|x86
		{01761A3F-E350-4805-8680-3173438EBF29}.Release|Mixed Platforms.ActiveCfg = Release|x86
		{01761A3F-E350-4805-8680-3173438EBF29}.Release|Mixed Platforms.Build.0 = Release|x86
		{01761A3F-E350-4805-8680-3173438EBF29}.Release|x86.ActiveCfg = Release|x86
		{01761A3F-E350-4805-8680-3173438EBF29}.Release|x86.Build.0 = Release|x86
		{01761A3F-E350-4805-8680-3173438EBF29}.佳能|Any CPU.ActiveCfg = Release|x86
		{01761A3F-E350-4805-8680-3173438EBF29}.佳能|Mixed Platforms.ActiveCfg = Release|x86
		{01761A3F-E350-4805-8680-3173438EBF29}.佳能|Mixed Platforms.Build.0 = Release|x86
		{01761A3F-E350-4805-8680-3173438EBF29}.佳能|x86.ActiveCfg = Release|x86
		{01761A3F-E350-4805-8680-3173438EBF29}.佳能|x86.Build.0 = Release|x86
		{404988E4-CB02-4645-9960-17F84D861024}.Debug|Any CPU.ActiveCfg = Debug|x86
		{404988E4-CB02-4645-9960-17F84D861024}.Debug|Mixed Platforms.ActiveCfg = Debug|x86
		{404988E4-CB02-4645-9960-17F84D861024}.Debug|Mixed Platforms.Build.0 = Debug|x86
		{404988E4-CB02-4645-9960-17F84D861024}.Debug|x86.ActiveCfg = Debug|x86
		{404988E4-CB02-4645-9960-17F84D861024}.Debug|x86.Build.0 = Debug|x86
		{404988E4-CB02-4645-9960-17F84D861024}.Release|Any CPU.ActiveCfg = Release|x86
		{404988E4-CB02-4645-9960-17F84D861024}.Release|Mixed Platforms.ActiveCfg = Release|x86
		{404988E4-CB02-4645-9960-17F84D861024}.Release|Mixed Platforms.Build.0 = Release|x86
		{404988E4-CB02-4645-9960-17F84D861024}.Release|x86.ActiveCfg = Release|x86
		{404988E4-CB02-4645-9960-17F84D861024}.Release|x86.Build.0 = Release|x86
		{404988E4-CB02-4645-9960-17F84D861024}.佳能|Any CPU.ActiveCfg = Release|x86
		{404988E4-CB02-4645-9960-17F84D861024}.佳能|Mixed Platforms.ActiveCfg = Release|x86
		{404988E4-CB02-4645-9960-17F84D861024}.佳能|Mixed Platforms.Build.0 = Release|x86
		{404988E4-CB02-4645-9960-17F84D861024}.佳能|x86.ActiveCfg = Release|x86
		{404988E4-CB02-4645-9960-17F84D861024}.佳能|x86.Build.0 = Release|x86
		{766E064A-51B5-4860-B3E4-E01F054DA594}.Debug|Any CPU.ActiveCfg = Debug|x86
		{766E064A-51B5-4860-B3E4-E01F054DA594}.Debug|Mixed Platforms.ActiveCfg = Debug|x86
		{766E064A-51B5-4860-B3E4-E01F054DA594}.Debug|Mixed Platforms.Build.0 = Debug|x86
		{766E064A-51B5-4860-B3E4-E01F054DA594}.Debug|x86.ActiveCfg = Debug|x86
		{766E064A-51B5-4860-B3E4-E01F054DA594}.Debug|x86.Build.0 = Debug|x86
		{766E064A-51B5-4860-B3E4-E01F054DA594}.Release|Any CPU.ActiveCfg = Release|x86
		{766E064A-51B5-4860-B3E4-E01F054DA594}.Release|Mixed Platforms.ActiveCfg = Release|x86
		{766E064A-51B5-4860-B3E4-E01F054DA594}.Release|Mixed Platforms.Build.0 = Release|x86
		{766E064A-51B5-4860-B3E4-E01F054DA594}.Release|x86.ActiveCfg = Release|x86
		{766E064A-51B5-4860-B3E4-E01F054DA594}.Release|x86.Build.0 = Release|x86
		{766E064A-51B5-4860-B3E4-E01F054DA594}.佳能|Any CPU.ActiveCfg = Release|x86
		{766E064A-51B5-4860-B3E4-E01F054DA594}.佳能|Mixed Platforms.ActiveCfg = Release|x86
		{766E064A-51B5-4860-B3E4-E01F054DA594}.佳能|Mixed Platforms.Build.0 = Release|x86
		{766E064A-51B5-4860-B3E4-E01F054DA594}.佳能|x86.ActiveCfg = Release|x86
		{766E064A-51B5-4860-B3E4-E01F054DA594}.佳能|x86.Build.0 = Release|x86
		{170588BA-4FE1-4C40-85F1-C9654C7D3B3D}.Debug|Any CPU.ActiveCfg = Debug|x86
		{170588BA-4FE1-4C40-85F1-C9654C7D3B3D}.Debug|Mixed Platforms.ActiveCfg = Debug|x86
		{170588BA-4FE1-4C40-85F1-C9654C7D3B3D}.Debug|Mixed Platforms.Build.0 = Debug|x86
		{170588BA-4FE1-4C40-85F1-C9654C7D3B3D}.Debug|x86.ActiveCfg = Debug|x86
		{170588BA-4FE1-4C40-85F1-C9654C7D3B3D}.Debug|x86.Build.0 = Debug|x86
		{170588BA-4FE1-4C40-85F1-C9654C7D3B3D}.Release|Any CPU.ActiveCfg = Release|x86
		{170588BA-4FE1-4C40-85F1-C9654C7D3B3D}.Release|Mixed Platforms.ActiveCfg = Release|x86
		{170588BA-4FE1-4C40-85F1-C9654C7D3B3D}.Release|Mixed Platforms.Build.0 = Release|x86
		{170588BA-4FE1-4C40-85F1-C9654C7D3B3D}.Release|x86.ActiveCfg = Release|x86
		{170588BA-4FE1-4C40-85F1-C9654C7D3B3D}.Release|x86.Build.0 = Release|x86
		{170588BA-4FE1-4C40-85F1-C9654C7D3B3D}.佳能|Any CPU.ActiveCfg = Release|x86
		{170588BA-4FE1-4C40-85F1-C9654C7D3B3D}.佳能|Mixed Platforms.ActiveCfg = Release|x86
		{170588BA-4FE1-4C40-85F1-C9654C7D3B3D}.佳能|Mixed Platforms.Build.0 = Release|x86
		{170588BA-4FE1-4C40-85F1-C9654C7D3B3D}.佳能|x86.ActiveCfg = Release|x86
		{170588BA-4FE1-4C40-85F1-C9654C7D3B3D}.佳能|x86.Build.0 = Release|x86
		{AFC87E10-538D-4068-9428-62F4FC94F2CC}.Debug|Any CPU.ActiveCfg = Debug|x86
		{AFC87E10-538D-4068-9428-62F4FC94F2CC}.Debug|Mixed Platforms.ActiveCfg = Debug|x86
		{AFC87E10-538D-4068-9428-62F4FC94F2CC}.Debug|Mixed Platforms.Build.0 = Debug|x86
		{AFC87E10-538D-4068-9428-62F4FC94F2CC}.Debug|x86.ActiveCfg = Debug|x86
		{AFC87E10-538D-4068-9428-62F4FC94F2CC}.Debug|x86.Build.0 = Debug|x86
		{AFC87E10-538D-4068-9428-62F4FC94F2CC}.Release|Any CPU.ActiveCfg = Release|x86
		{AFC87E10-538D-4068-9428-62F4FC94F2CC}.Release|Mixed Platforms.ActiveCfg = Release|x86
		{AFC87E10-538D-4068-9428-62F4FC94F2CC}.Release|Mixed Platforms.Build.0 = Release|x86
		{AFC87E10-538D-4068-9428-62F4FC94F2CC}.Release|x86.ActiveCfg = Release|x86
		{AFC87E10-538D-4068-9428-62F4FC94F2CC}.Release|x86.Build.0 = Release|x86
		{AFC87E10-538D-4068-9428-62F4FC94F2CC}.佳能|Any CPU.ActiveCfg = Release|x86
		{AFC87E10-538D-4068-9428-62F4FC94F2CC}.佳能|Mixed Platforms.ActiveCfg = Release|x86
		{AFC87E10-538D-4068-9428-62F4FC94F2CC}.佳能|Mixed Platforms.Build.0 = Release|x86
		{AFC87E10-538D-4068-9428-62F4FC94F2CC}.佳能|x86.ActiveCfg = Release|x86
		{AFC87E10-538D-4068-9428-62F4FC94F2CC}.佳能|x86.Build.0 = Release|x86
		{A8DF6AD4-CF52-4007-8C8B-65807C2D5A0A}.Debug|Any CPU.ActiveCfg = Debug|x86
		{A8DF6AD4-CF52-4007-8C8B-65807C2D5A0A}.Debug|Mixed Platforms.ActiveCfg = Debug|x86
		{A8DF6AD4-CF52-4007-8C8B-65807C2D5A0A}.Debug|Mixed Platforms.Build.0 = Debug|x86
		{A8DF6AD4-CF52-4007-8C8B-65807C2D5A0A}.Debug|x86.ActiveCfg = Debug|x86
		{A8DF6AD4-CF52-4007-8C8B-65807C2D5A0A}.Debug|x86.Build.0 = Debug|x86
		{A8DF6AD4-CF52-4007-8C8B-65807C2D5A0A}.Release|Any CPU.ActiveCfg = Release|x86
		{A8DF6AD4-CF52-4007-8C8B-65807C2D5A0A}.Release|Mixed Platforms.ActiveCfg = Release|x86
		{A8DF6AD4-CF52-4007-8C8B-65807C2D5A0A}.Release|Mixed Platforms.Build.0 = Release|x86
		{A8DF6AD4-CF52-4007-8C8B-65807C2D5A0A}.Release|x86.ActiveCfg = Release|x86
		{A8DF6AD4-CF52-4007-8C8B-65807C2D5A0A}.Release|x86.Build.0 = Release|x86
		{A8DF6AD4-CF52-4007-8C8B-65807C2D5A0A}.佳能|Any CPU.ActiveCfg = Release|x86
		{A8DF6AD4-CF52-4007-8C8B-65807C2D5A0A}.佳能|Mixed Platforms.ActiveCfg = Release|x86
		{A8DF6AD4-CF52-4007-8C8B-65807C2D5A0A}.佳能|Mixed Platforms.Build.0 = Release|x86
		{A8DF6AD4-CF52-4007-8C8B-65807C2D5A0A}.佳能|x86.ActiveCfg = Release|x86
		{A8DF6AD4-CF52-4007-8C8B-65807C2D5A0A}.佳能|x86.Build.0 = Release|x86
		{EA23ECFA-7392-4BD3-849F-F03144CFCDD8}.Debug|Any CPU.ActiveCfg = Debug|x86
		{EA23ECFA-7392-4BD3-849F-F03144CFCDD8}.Debug|Mixed Platforms.ActiveCfg = Debug|x86
		{EA23ECFA-7392-4BD3-849F-F03144CFCDD8}.Debug|Mixed Platforms.Build.0 = Debug|x86
		{EA23ECFA-7392-4BD3-849F-F03144CFCDD8}.Debug|x86.ActiveCfg = Debug|x86
		{EA23ECFA-7392-4BD3-849F-F03144CFCDD8}.Debug|x86.Build.0 = Debug|x86
		{EA23ECFA-7392-4BD3-849F-F03144CFCDD8}.Release|Any CPU.ActiveCfg = Release|x86
		{EA23ECFA-7392-4BD3-849F-F03144CFCDD8}.Release|Mixed Platforms.ActiveCfg = Release|x86
		{EA23ECFA-7392-4BD3-849F-F03144CFCDD8}.Release|Mixed Platforms.Build.0 = Release|x86
		{EA23ECFA-7392-4BD3-849F-F03144CFCDD8}.Release|x86.ActiveCfg = Release|x86
		{EA23ECFA-7392-4BD3-849F-F03144CFCDD8}.Release|x86.Build.0 = Release|x86
		{EA23ECFA-7392-4BD3-849F-F03144CFCDD8}.佳能|Any CPU.ActiveCfg = Release|x86
		{EA23ECFA-7392-4BD3-849F-F03144CFCDD8}.佳能|Mixed Platforms.ActiveCfg = Release|x86
		{EA23ECFA-7392-4BD3-849F-F03144CFCDD8}.佳能|Mixed Platforms.Build.0 = Release|x86
		{EA23ECFA-7392-4BD3-849F-F03144CFCDD8}.佳能|x86.ActiveCfg = Release|x86
		{EA23ECFA-7392-4BD3-849F-F03144CFCDD8}.佳能|x86.Build.0 = Release|x86
		{BE9D6E2B-E70E-4A2F-9C96-96C3B4822A2D}.Debug|Any CPU.ActiveCfg = Debug|x86
		{BE9D6E2B-E70E-4A2F-9C96-96C3B4822A2D}.Debug|Mixed Platforms.ActiveCfg = Debug|x86
		{BE9D6E2B-E70E-4A2F-9C96-96C3B4822A2D}.Debug|Mixed Platforms.Build.0 = Debug|x86
		{BE9D6E2B-E70E-4A2F-9C96-96C3B4822A2D}.Debug|x86.ActiveCfg = Debug|x86
		{BE9D6E2B-E70E-4A2F-9C96-96C3B4822A2D}.Debug|x86.Build.0 = Debug|x86
		{BE9D6E2B-E70E-4A2F-9C96-96C3B4822A2D}.Release|Any CPU.ActiveCfg = Release|x86
		{BE9D6E2B-E70E-4A2F-9C96-96C3B4822A2D}.Release|Mixed Platforms.ActiveCfg = Release|x86
		{BE9D6E2B-E70E-4A2F-9C96-96C3B4822A2D}.Release|Mixed Platforms.Build.0 = Release|x86
		{BE9D6E2B-E70E-4A2F-9C96-96C3B4822A2D}.Release|x86.ActiveCfg = Release|x86
		{BE9D6E2B-E70E-4A2F-9C96-96C3B4822A2D}.Release|x86.Build.0 = Release|x86
		{BE9D6E2B-E70E-4A2F-9C96-96C3B4822A2D}.佳能|Any CPU.ActiveCfg = Release|x86
		{BE9D6E2B-E70E-4A2F-9C96-96C3B4822A2D}.佳能|Mixed Platforms.ActiveCfg = Release|x86
		{BE9D6E2B-E70E-4A2F-9C96-96C3B4822A2D}.佳能|Mixed Platforms.Build.0 = Release|x86
		{BE9D6E2B-E70E-4A2F-9C96-96C3B4822A2D}.佳能|x86.ActiveCfg = Release|x86
		{BE9D6E2B-E70E-4A2F-9C96-96C3B4822A2D}.佳能|x86.Build.0 = Release|x86
		{257C046C-345F-44DB-ADBD-877F74CB4B0A}.Debug|Any CPU.ActiveCfg = Debug|x86
		{257C046C-345F-44DB-ADBD-877F74CB4B0A}.Debug|Mixed Platforms.ActiveCfg = Debug|x86
		{257C046C-345F-44DB-ADBD-877F74CB4B0A}.Debug|Mixed Platforms.Build.0 = Debug|x86
		{257C046C-345F-44DB-ADBD-877F74CB4B0A}.Debug|x86.ActiveCfg = Debug|x86
		{257C046C-345F-44DB-ADBD-877F74CB4B0A}.Debug|x86.Build.0 = Debug|x86
		{257C046C-345F-44DB-ADBD-877F74CB4B0A}.Release|Any CPU.ActiveCfg = Release|x86
		{257C046C-345F-44DB-ADBD-877F74CB4B0A}.Release|Mixed Platforms.ActiveCfg = Release|x86
		{257C046C-345F-44DB-ADBD-877F74CB4B0A}.Release|Mixed Platforms.Build.0 = Release|x86
		{257C046C-345F-44DB-ADBD-877F74CB4B0A}.Release|x86.ActiveCfg = Release|x86
		{257C046C-345F-44DB-ADBD-877F74CB4B0A}.Release|x86.Build.0 = Release|x86
		{257C046C-345F-44DB-ADBD-877F74CB4B0A}.佳能|Any CPU.ActiveCfg = Release|x86
		{257C046C-345F-44DB-ADBD-877F74CB4B0A}.佳能|Mixed Platforms.ActiveCfg = Release|x86
		{257C046C-345F-44DB-ADBD-877F74CB4B0A}.佳能|Mixed Platforms.Build.0 = Release|x86
		{257C046C-345F-44DB-ADBD-877F74CB4B0A}.佳能|x86.ActiveCfg = Release|x86
		{257C046C-345F-44DB-ADBD-877F74CB4B0A}.佳能|x86.Build.0 = Release|x86
		{BCDE14DA-E727-43CB-9766-3BB5B1D3107F}.Debug|Any CPU.ActiveCfg = Debug|x86
		{BCDE14DA-E727-43CB-9766-3BB5B1D3107F}.Debug|Mixed Platforms.ActiveCfg = Debug|x86
		{BCDE14DA-E727-43CB-9766-3BB5B1D3107F}.Debug|Mixed Platforms.Build.0 = Debug|x86
		{BCDE14DA-E727-43CB-9766-3BB5B1D3107F}.Debug|x86.ActiveCfg = Debug|x86
		{BCDE14DA-E727-43CB-9766-3BB5B1D3107F}.Debug|x86.Build.0 = Debug|x86
		{BCDE14DA-E727-43CB-9766-3BB5B1D3107F}.Release|Any CPU.ActiveCfg = Release|x86
		{BCDE14DA-E727-43CB-9766-3BB5B1D3107F}.Release|Mixed Platforms.ActiveCfg = Release|x86
		{BCDE14DA-E727-43CB-9766-3BB5B1D3107F}.Release|Mixed Platforms.Build.0 = Release|x86
		{BCDE14DA-E727-43CB-9766-3BB5B1D3107F}.Release|x86.ActiveCfg = Release|x86
		{BCDE14DA-E727-43CB-9766-3BB5B1D3107F}.Release|x86.Build.0 = Release|x86
		{BCDE14DA-E727-43CB-9766-3BB5B1D3107F}.佳能|Any CPU.ActiveCfg = Release|x86
		{BCDE14DA-E727-43CB-9766-3BB5B1D3107F}.佳能|Mixed Platforms.ActiveCfg = Release|x86
		{BCDE14DA-E727-43CB-9766-3BB5B1D3107F}.佳能|Mixed Platforms.Build.0 = Release|x86
		{BCDE14DA-E727-43CB-9766-3BB5B1D3107F}.佳能|x86.ActiveCfg = Release|x86
		{BCDE14DA-E727-43CB-9766-3BB5B1D3107F}.佳能|x86.Build.0 = Release|x86
		{8E119086-E92E-408B-9C16-8EC597C14BCF}.Debug|Any CPU.ActiveCfg = Debug|x86
		{8E119086-E92E-408B-9C16-8EC597C14BCF}.Debug|Mixed Platforms.ActiveCfg = Debug|x86
		{8E119086-E92E-408B-9C16-8EC597C14BCF}.Debug|Mixed Platforms.Build.0 = Debug|x86
		{8E119086-E92E-408B-9C16-8EC597C14BCF}.Debug|x86.ActiveCfg = Debug|x86
		{8E119086-E92E-408B-9C16-8EC597C14BCF}.Debug|x86.Build.0 = Debug|x86
		{8E119086-E92E-408B-9C16-8EC597C14BCF}.Release|Any CPU.ActiveCfg = Release|x86
		{8E119086-E92E-408B-9C16-8EC597C14BCF}.Release|Mixed Platforms.ActiveCfg = Release|x86
		{8E119086-E92E-408B-9C16-8EC597C14BCF}.Release|Mixed Platforms.Build.0 = Release|x86
		{8E119086-E92E-408B-9C16-8EC597C14BCF}.Release|x86.ActiveCfg = Release|x86
		{8E119086-E92E-408B-9C16-8EC597C14BCF}.Release|x86.Build.0 = Release|x86
		{8E119086-E92E-408B-9C16-8EC597C14BCF}.佳能|Any CPU.ActiveCfg = Release|x86
		{8E119086-E92E-408B-9C16-8EC597C14BCF}.佳能|Mixed Platforms.ActiveCfg = Release|x86
		{8E119086-E92E-408B-9C16-8EC597C14BCF}.佳能|Mixed Platforms.Build.0 = Release|x86
		{8E119086-E92E-408B-9C16-8EC597C14BCF}.佳能|x86.ActiveCfg = Release|x86
		{8E119086-E92E-408B-9C16-8EC597C14BCF}.佳能|x86.Build.0 = Release|x86
		{CA269ED8-1C1E-43BF-BDBB-2C681A5784D6}.Debug|Any CPU.ActiveCfg = Debug|x86
		{CA269ED8-1C1E-43BF-BDBB-2C681A5784D6}.Debug|Mixed Platforms.ActiveCfg = Debug|x86
		{CA269ED8-1C1E-43BF-BDBB-2C681A5784D6}.Debug|Mixed Platforms.Build.0 = Debug|x86
		{CA269ED8-1C1E-43BF-BDBB-2C681A5784D6}.Debug|x86.ActiveCfg = Debug|x86
		{CA269ED8-1C1E-43BF-BDBB-2C681A5784D6}.Debug|x86.Build.0 = Debug|x86
		{CA269ED8-1C1E-43BF-BDBB-2C681A5784D6}.Release|Any CPU.ActiveCfg = Release|x86
		{CA269ED8-1C1E-43BF-BDBB-2C681A5784D6}.Release|Mixed Platforms.ActiveCfg = Release|x86
		{CA269ED8-1C1E-43BF-BDBB-2C681A5784D6}.Release|Mixed Platforms.Build.0 = Release|x86
		{CA269ED8-1C1E-43BF-BDBB-2C681A5784D6}.Release|x86.ActiveCfg = Release|x86
		{CA269ED8-1C1E-43BF-BDBB-2C681A5784D6}.Release|x86.Build.0 = Release|x86
		{CA269ED8-1C1E-43BF-BDBB-2C681A5784D6}.佳能|Any CPU.ActiveCfg = Release|x86
		{CA269ED8-1C1E-43BF-BDBB-2C681A5784D6}.佳能|Mixed Platforms.ActiveCfg = Release|x86
		{CA269ED8-1C1E-43BF-BDBB-2C681A5784D6}.佳能|Mixed Platforms.Build.0 = Release|x86
		{CA269ED8-1C1E-43BF-BDBB-2C681A5784D6}.佳能|x86.ActiveCfg = Release|x86
		{CA269ED8-1C1E-43BF-BDBB-2C681A5784D6}.佳能|x86.Build.0 = Release|x86
		{CACD1829-E419-4AB7-BC40-23B8F18115CD}.Debug|Any CPU.ActiveCfg = Debug|x86
		{CACD1829-E419-4AB7-BC40-23B8F18115CD}.Debug|Mixed Platforms.ActiveCfg = Debug|x86
		{CACD1829-E419-4AB7-BC40-23B8F18115CD}.Debug|Mixed Platforms.Build.0 = Debug|x86
		{CACD1829-E419-4AB7-BC40-23B8F18115CD}.Debug|x86.ActiveCfg = Debug|x86
		{CACD1829-E419-4AB7-BC40-23B8F18115CD}.Debug|x86.Build.0 = Debug|x86
		{CACD1829-E419-4AB7-BC40-23B8F18115CD}.Release|Any CPU.ActiveCfg = Release|x86
		{CACD1829-E419-4AB7-BC40-23B8F18115CD}.Release|Mixed Platforms.ActiveCfg = Release|x86
		{CACD1829-E419-4AB7-BC40-23B8F18115CD}.Release|Mixed Platforms.Build.0 = Release|x86
		{CACD1829-E419-4AB7-BC40-23B8F18115CD}.Release|x86.ActiveCfg = Release|x86
		{CACD1829-E419-4AB7-BC40-23B8F18115CD}.Release|x86.Build.0 = Release|x86
		{CACD1829-E419-4AB7-BC40-23B8F18115CD}.佳能|Any CPU.ActiveCfg = Release|x86
		{CACD1829-E419-4AB7-BC40-23B8F18115CD}.佳能|Mixed Platforms.ActiveCfg = Release|x86
		{CACD1829-E419-4AB7-BC40-23B8F18115CD}.佳能|Mixed Platforms.Build.0 = Release|x86
		{CACD1829-E419-4AB7-BC40-23B8F18115CD}.佳能|x86.ActiveCfg = Release|x86
		{CACD1829-E419-4AB7-BC40-23B8F18115CD}.佳能|x86.Build.0 = Release|x86
		{9CEE3268-04F6-4FCF-8C00-E633A8C04320}.Debug|Any CPU.ActiveCfg = Debug|x86
		{9CEE3268-04F6-4FCF-8C00-E633A8C04320}.Debug|Mixed Platforms.ActiveCfg = Debug|x86
		{9CEE3268-04F6-4FCF-8C00-E633A8C04320}.Debug|Mixed Platforms.Build.0 = Debug|x86
		{9CEE3268-04F6-4FCF-8C00-E633A8C04320}.Debug|x86.ActiveCfg = Debug|x86
		{9CEE3268-04F6-4FCF-8C00-E633A8C04320}.Debug|x86.Build.0 = Debug|x86
		{9CEE3268-04F6-4FCF-8C00-E633A8C04320}.Release|Any CPU.ActiveCfg = Release|x86
		{9CEE3268-04F6-4FCF-8C00-E633A8C04320}.Release|Mixed Platforms.ActiveCfg = Release|x86
		{9CEE3268-04F6-4FCF-8C00-E633A8C04320}.Release|Mixed Platforms.Build.0 = Release|x86
		{9CEE3268-04F6-4FCF-8C00-E633A8C04320}.Release|x86.ActiveCfg = Release|x86
		{9CEE3268-04F6-4FCF-8C00-E633A8C04320}.Release|x86.Build.0 = Release|x86
		{9CEE3268-04F6-4FCF-8C00-E633A8C04320}.佳能|Any CPU.ActiveCfg = Release|x86
		{9CEE3268-04F6-4FCF-8C00-E633A8C04320}.佳能|Mixed Platforms.ActiveCfg = Release|x86
		{9CEE3268-04F6-4FCF-8C00-E633A8C04320}.佳能|Mixed Platforms.Build.0 = Release|x86
		{9CEE3268-04F6-4FCF-8C00-E633A8C04320}.佳能|x86.ActiveCfg = Release|x86
		{9CEE3268-04F6-4FCF-8C00-E633A8C04320}.佳能|x86.Build.0 = Release|x86
		{E9FE01BD-6009-4107-BB45-178444BE70FB}.Debug|Any CPU.ActiveCfg = Debug|Any CPU
		{E9FE01BD-6009-4107-BB45-178444BE70FB}.Debug|Any CPU.Build.0 = Debug|Any CPU
		{E9FE01BD-6009-4107-BB45-178444BE70FB}.Debug|Mixed Platforms.ActiveCfg = Debug|Any CPU
		{E9FE01BD-6009-4107-BB45-178444BE70FB}.Debug|Mixed Platforms.Build.0 = Debug|Any CPU
		{E9FE01BD-6009-4107-BB45-178444BE70FB}.Debug|x86.ActiveCfg = Debug|Any CPU
		{E9FE01BD-6009-4107-BB45-178444BE70FB}.Release|Any CPU.ActiveCfg = Release|Any CPU
		{E9FE01BD-6009-4107-BB45-178444BE70FB}.Release|Any CPU.Build.0 = Release|Any CPU
		{E9FE01BD-6009-4107-BB45-178444BE70FB}.Release|Mixed Platforms.ActiveCfg = Release|Any CPU
		{E9FE01BD-6009-4107-BB45-178444BE70FB}.Release|Mixed Platforms.Build.0 = Release|Any CPU
		{E9FE01BD-6009-4107-BB45-178444BE70FB}.Release|x86.ActiveCfg = Release|Any CPU
		{E9FE01BD-6009-4107-BB45-178444BE70FB}.佳能|Any CPU.ActiveCfg = Release|Any CPU
		{E9FE01BD-6009-4107-BB45-178444BE70FB}.佳能|Any CPU.Build.0 = Release|Any CPU
		{E9FE01BD-6009-4107-BB45-178444BE70FB}.佳能|Mixed Platforms.ActiveCfg = Release|Any CPU
		{E9FE01BD-6009-4107-BB45-178444BE70FB}.佳能|Mixed Platforms.Build.0 = Release|Any CPU
		{E9FE01BD-6009-4107-BB45-178444BE70FB}.佳能|x86.ActiveCfg = Release|Any CPU
		{0F29A875-A360-4167-BA71-F7EE41BC78C7}.Debug|Any CPU.ActiveCfg = Debug|x86
		{0F29A875-A360-4167-BA71-F7EE41BC78C7}.Debug|Mixed Platforms.ActiveCfg = Debug|x86
		{0F29A875-A360-4167-BA71-F7EE41BC78C7}.Debug|Mixed Platforms.Build.0 = Debug|x86
		{0F29A875-A360-4167-BA71-F7EE41BC78C7}.Debug|x86.ActiveCfg = Debug|x86
		{0F29A875-A360-4167-BA71-F7EE41BC78C7}.Debug|x86.Build.0 = Debug|x86
		{0F29A875-A360-4167-BA71-F7EE41BC78C7}.Release|Any CPU.ActiveCfg = Release|x86
		{0F29A875-A360-4167-BA71-F7EE41BC78C7}.Release|Mixed Platforms.ActiveCfg = Release|x86
		{0F29A875-A360-4167-BA71-F7EE41BC78C7}.Release|Mixed Platforms.Build.0 = Release|x86
		{0F29A875-A360-4167-BA71-F7EE41BC78C7}.Release|x86.ActiveCfg = Release|x86
		{0F29A875-A360-4167-BA71-F7EE41BC78C7}.Release|x86.Build.0 = Release|x86
		{0F29A875-A360-4167-BA71-F7EE41BC78C7}.佳能|Any CPU.ActiveCfg = Release|x86
		{0F29A875-A360-4167-BA71-F7EE41BC78C7}.佳能|Mixed Platforms.ActiveCfg = Release|x86
		{0F29A875-A360-4167-BA71-F7EE41BC78C7}.佳能|Mixed Platforms.Build.0 = Release|x86
		{0F29A875-A360-4167-BA71-F7EE41BC78C7}.佳能|x86.ActiveCfg = Release|x86
		{0F29A875-A360-4167-BA71-F7EE41BC78C7}.佳能|x86.Build.0 = Release|x86
		{9057672D-E69D-4B00-9CBD-020A8DD47D1D}.Debug|Any CPU.ActiveCfg = Debug|Any CPU
		{9057672D-E69D-4B00-9CBD-020A8DD47D1D}.Debug|Any CPU.Build.0 = Debug|Any CPU
		{9057672D-E69D-4B00-9CBD-020A8DD47D1D}.Debug|Mixed Platforms.ActiveCfg = Debug|Any CPU
		{9057672D-E69D-4B00-9CBD-020A8DD47D1D}.Debug|Mixed Platforms.Build.0 = Debug|Any CPU
		{9057672D-E69D-4B00-9CBD-020A8DD47D1D}.Debug|x86.ActiveCfg = Debug|Any CPU
		{9057672D-E69D-4B00-9CBD-020A8DD47D1D}.Release|Any CPU.ActiveCfg = Release|Any CPU
		{9057672D-E69D-4B00-9CBD-020A8DD47D1D}.Release|Any CPU.Build.0 = Release|Any CPU
		{9057672D-E69D-4B00-9CBD-020A8DD47D1D}.Release|Mixed Platforms.ActiveCfg = Release|Any CPU
		{9057672D-E69D-4B00-9CBD-020A8DD47D1D}.Release|Mixed Platforms.Build.0 = Release|Any CPU
		{9057672D-E69D-4B00-9CBD-020A8DD47D1D}.Release|x86.ActiveCfg = Release|Any CPU
		{9057672D-E69D-4B00-9CBD-020A8DD47D1D}.佳能|Any CPU.ActiveCfg = Release|Any CPU
		{9057672D-E69D-4B00-9CBD-020A8DD47D1D}.佳能|Any CPU.Build.0 = Release|Any CPU
		{9057672D-E69D-4B00-9CBD-020A8DD47D1D}.佳能|Mixed Platforms.ActiveCfg = Release|Any CPU
		{9057672D-E69D-4B00-9CBD-020A8DD47D1D}.佳能|Mixed Platforms.Build.0 = Release|Any CPU
		{9057672D-E69D-4B00-9CBD-020A8DD47D1D}.佳能|x86.ActiveCfg = Release|Any CPU
		{9576CDF2-ACAB-4B77-AD90-75C70D8E8A67}.Debug|Any CPU.ActiveCfg = Debug|x86
		{9576CDF2-ACAB-4B77-AD90-75C70D8E8A67}.Debug|Mixed Platforms.ActiveCfg = Debug|x86
		{9576CDF2-ACAB-4B77-AD90-75C70D8E8A67}.Debug|Mixed Platforms.Build.0 = Debug|x86
		{9576CDF2-ACAB-4B77-AD90-75C70D8E8A67}.Debug|x86.ActiveCfg = Debug|x86
		{9576CDF2-ACAB-4B77-AD90-75C70D8E8A67}.Debug|x86.Build.0 = Debug|x86
		{9576CDF2-ACAB-4B77-AD90-75C70D8E8A67}.Release|Any CPU.ActiveCfg = Release|x86
		{9576CDF2-ACAB-4B77-AD90-75C70D8E8A67}.Release|Mixed Platforms.ActiveCfg = Release|x86
		{9576CDF2-ACAB-4B77-AD90-75C70D8E8A67}.Release|Mixed Platforms.Build.0 = Release|x86
		{9576CDF2-ACAB-4B77-AD90-75C70D8E8A67}.Release|x86.ActiveCfg = Release|x86
		{9576CDF2-ACAB-4B77-AD90-75C70D8E8A67}.Release|x86.Build.0 = Release|x86
		{9576CDF2-ACAB-4B77-AD90-75C70D8E8A67}.佳能|Any CPU.ActiveCfg = Release|x86
		{9576CDF2-ACAB-4B77-AD90-75C70D8E8A67}.佳能|Mixed Platforms.ActiveCfg = Release|x86
		{9576CDF2-ACAB-4B77-AD90-75C70D8E8A67}.佳能|Mixed Platforms.Build.0 = Release|x86
		{9576CDF2-ACAB-4B77-AD90-75C70D8E8A67}.佳能|x86.ActiveCfg = Release|x86
		{9576CDF2-ACAB-4B77-AD90-75C70D8E8A67}.佳能|x86.Build.0 = Release|x86
		{9C11CAE5-5188-4E71-825B-68FC3135728A}.Debug|Any CPU.ActiveCfg = Debug|Any CPU
		{9C11CAE5-5188-4E71-825B-68FC3135728A}.Debug|Any CPU.Build.0 = Debug|Any CPU
		{9C11CAE5-5188-4E71-825B-68FC3135728A}.Debug|Mixed Platforms.ActiveCfg = Debug|Any CPU
		{9C11CAE5-5188-4E71-825B-68FC3135728A}.Debug|Mixed Platforms.Build.0 = Debug|Any CPU
		{9C11CAE5-5188-4E71-825B-68FC3135728A}.Debug|x86.ActiveCfg = Debug|Any CPU
		{9C11CAE5-5188-4E71-825B-68FC3135728A}.Release|Any CPU.ActiveCfg = Release|Any CPU
		{9C11CAE5-5188-4E71-825B-68FC3135728A}.Release|Any CPU.Build.0 = Release|Any CPU
		{9C11CAE5-5188-4E71-825B-68FC3135728A}.Release|Mixed Platforms.ActiveCfg = Release|Any CPU
		{9C11CAE5-5188-4E71-825B-68FC3135728A}.Release|Mixed Platforms.Build.0 = Release|Any CPU
		{9C11CAE5-5188-4E71-825B-68FC3135728A}.Release|x86.ActiveCfg = Release|Any CPU
		{9C11CAE5-5188-4E71-825B-68FC3135728A}.佳能|Any CPU.ActiveCfg = Release|Any CPU
		{9C11CAE5-5188-4E71-825B-68FC3135728A}.佳能|Any CPU.Build.0 = Release|Any CPU
		{9C11CAE5-5188-4E71-825B-68FC3135728A}.佳能|Mixed Platforms.ActiveCfg = Release|Any CPU
		{9C11CAE5-5188-4E71-825B-68FC3135728A}.佳能|Mixed Platforms.Build.0 = Release|Any CPU
		{9C11CAE5-5188-4E71-825B-68FC3135728A}.佳能|x86.ActiveCfg = Release|Any CPU
	EndGlobalSection
	GlobalSection(SolutionProperties) = preSolution
		HideSolutionNode = FALSE
	EndGlobalSection
	GlobalSection(ExtensibilityGlobals) = postSolution
		SolutionGuid = {0118785F-024E-4D34-92AD-A044531285D1}
	EndGlobalSection
EndGlobal
